
Microsoft Visual Studio Solution File, Format Version 12.00
# Visual Studio Version 16
VisualStudioVersion = 16.0.30104.148
MinimumVisualStudioVersion = 10.0.40219.1
Project("{9A19103F-16F7-4668-BE54-9A1E7A4F7556}") = "Grpc.Demo.ProtoLib", "Grpc.Demo.ProtoLib\Grpc.Demo.ProtoLib.csproj", "{792C2EA3-D954-4112-9BFA-129E6472E415}"
EndProject
Project("{9A19103F-16F7-4668-BE54-9A1E7A4F7556}") = "Grpc.Demo.WebServer", "Grpc.Demo.WebServer\Grpc.Demo.WebServer.csproj", "{CCA5185B-6769-466C-B5D6-1560E9A60189}"
EndProject
Project("{9A19103F-16F7-4668-BE54-9A1E7A4F7556}") = "Grpc.Demo.ConsoleClient", "Grpc.Demo.ConsoleClient\Grpc.Demo.ConsoleClient.csproj", "{5C72DA37-B83C-4ACD-9542-DD03BD9F6437}"
EndProject
Project("{FAE04EC0-301F-11D3-BF4B-00C04F79EFBC}") = "Grpc.Demo.WorkerServiceClient", "Grpc.Demo.WorkerServiceClient\Grpc.Demo.WorkerServiceClient.csproj", "{652E43F7-34DD-4054-B599-8A6DD230D653}"
EndProject
Project("{2150E333-8FDC-42A3-9474-1A3956D46DE8}") = "Solution Items", "Solution Items", "{0FD87B74-7B24-4253-845C-77608988B852}"
	ProjectSection(SolutionItems) = preProject
		MakeCerts.ps1 = MakeCerts.ps1
		README.md = README.md
	EndProjectSection
EndProject
Global
	GlobalSection(SolutionConfigurationPlatforms) = preSolution
		Debug|Any CPU = Debug|Any CPU
		Release|Any CPU = Release|Any CPU
	EndGlobalSection
	GlobalSection(ProjectConfigurationPlatforms) = postSolution
		{792C2EA3-D954-4112-9BFA-129E6472E415}.Debug|Any CPU.ActiveCfg = Debug|Any CPU
		{792C2EA3-D954-4112-9BFA-129E6472E415}.Debug|Any CPU.Build.0 = Debug|Any CPU
		{792C2EA3-D954-4112-9BFA-129E6472E415}.Release|Any CPU.ActiveCfg = Release|Any CPU
		{792C2EA3-D954-4112-9BFA-129E6472E415}.Release|Any CPU.Build.0 = Release|Any CPU
		{CCA5185B-6769-466C-B5D6-1560E9A60189}.Debug|Any CPU.ActiveCfg = Debug|Any CPU
		{CCA5185B-6769-466C-B5D6-1560E9A60189}.Debug|Any CPU.Build.0 = Debug|Any CPU
		{CCA5185B-6769-466C-B5D6-1560E9A60189}.Release|Any CPU.ActiveCfg = Release|Any CPU
		{CCA5185B-6769-466C-B5D6-1560E9A60189}.Release|Any CPU.Build.0 = Release|Any CPU
		{5C72DA37-B83C-4ACD-9542-DD03BD9F6437}.Debug|Any CPU.ActiveCfg = Debug|Any CPU
		{5C72DA37-B83C-4ACD-9542-DD03BD9F6437}.Debug|Any CPU.Build.0 = Debug|Any CPU
		{5C72DA37-B83C-4ACD-9542-DD03BD9F6437}.Release|Any CPU.ActiveCfg = Release|Any CPU
		{5C72DA37-B83C-4ACD-9542-DD03BD9F6437}.Release|Any CPU.Build.0 = Release|Any CPU
		{652E43F7-34DD-4054-B599-8A6DD230D653}.Debug|Any CPU.ActiveCfg = Debug|Any CPU
		{652E43F7-34DD-4054-B599-8A6DD230D653}.Debug|Any CPU.Build.0 = Debug|Any CPU
		{652E43F7-34DD-4054-B599-8A6DD230D653}.Release|Any CPU.ActiveCfg = Release|Any CPU
		{652E43F7-34DD-4054-B599-8A6DD230D653}.Release|Any CPU.Build.0 = Release|Any CPU
	EndGlobalSection
	GlobalSection(SolutionProperties) = preSolution
		HideSolutionNode = FALSE
	EndGlobalSection
	GlobalSection(ExtensibilityGlobals) = postSolution
		SolutionGuid = {87C27298-0053-46AC-B4AB-B4C1872F642C}
	EndGlobalSection
EndGlobal
